// !$*UTF8*$!
{
	archiveVersion = 1;
	classes = {
	};
	objectVersion = 50;
	objects = {

/* Begin PBXBuildFile section */
		4FB5D6F69E42764F512B6016 /* libPods-WeatherDemo.a in Frameworks */ = {isa = PBXBuildFile; fileRef = C4801342E161622CEA00BE12 /* libPods-WeatherDemo.a */; };
		B0B4B0DE21995F05005B195E /* AppDelegate.swift in Sources */ = {isa = PBXBuildFile; fileRef = B0B4B0DD21995F05005B195E /* AppDelegate.swift */; };
		B0B4B0E521995F07005B195E /* Assets.xcassets in Resources */ = {isa = PBXBuildFile; fileRef = B0B4B0E421995F07005B195E /* Assets.xcassets */; };
		B0B4B0E821995F07005B195E /* LaunchScreen.storyboard in Resources */ = {isa = PBXBuildFile; fileRef = B0B4B0E621995F07005B195E /* LaunchScreen.storyboard */; };
		B0B4B10F21995F84005B195E /* Home.storyboard in Resources */ = {isa = PBXBuildFile; fileRef = B0B4B10E21995F84005B195E /* Home.storyboard */; };
		B0B4B11121995F9D005B195E /* EHHomeVC.swift in Sources */ = {isa = PBXBuildFile; fileRef = B0B4B11021995F9D005B195E /* EHHomeVC.swift */; };
		B0B4B11621997823005B195E /* WeatherResponse.swift in Sources */ = {isa = PBXBuildFile; fileRef = B0B4B11521997823005B195E /* WeatherResponse.swift */; };
		B0B4B1182199839C005B195E /* WeatherModel.swift in Sources */ = {isa = PBXBuildFile; fileRef = B0B4B1172199839C005B195E /* WeatherModel.swift */; };
		B0B4B11E219A710C005B195E /* TestHandyJSON.swift in Sources */ = {isa = PBXBuildFile; fileRef = B0B4B11D219A710C005B195E /* TestHandyJSON.swift */; };
		B0B4B120219A71A7005B195E /* TestAlamofire.swift in Sources */ = {isa = PBXBuildFile; fileRef = B0B4B11F219A71A7005B195E /* TestAlamofire.swift */; };
		B0B4B125219AAAA1005B195E /* EHNetworkManager.swift in Sources */ = {isa = PBXBuildFile; fileRef = B0B4B124219AAAA1005B195E /* EHNetworkManager.swift */; };
		B0B4B129219AAB6D005B195E /* UIColor+EHHex.swift in Sources */ = {isa = PBXBuildFile; fileRef = B0B4B128219AAB6D005B195E /* UIColor+EHHex.swift */; };
		B0B4B12B219AABF7005B195E /* WeatherDemoHeader.swift in Sources */ = {isa = PBXBuildFile; fileRef = B0B4B12A219AABF7005B195E /* WeatherDemoHeader.swift */; };
		B0B4B12F219AAEEC005B195E /* String+Extension.swift in Sources */ = {isa = PBXBuildFile; fileRef = B0B4B12E219AAEEC005B195E /* String+Extension.swift */; };
		B0D989D8219D45F700D20104 /* AdobeClean-Light.otf in Resources */ = {isa = PBXBuildFile; fileRef = B0D989D7219D45F700D20104 /* AdobeClean-Light.otf */; };
		B0F44E36219C15EB0087C377 /* EHWeatherListCell.swift in Sources */ = {isa = PBXBuildFile; fileRef = B0F44E35219C15EB0087C377 /* EHWeatherListCell.swift */; };
/* End PBXBuildFile section */

/* Begin PBXContainerItemProxy section */
		B0B4B0EF21995F08005B195E /* PBXContainerItemProxy */ = {
			isa = PBXContainerItemProxy;
			containerPortal = B0B4B0D221995F05005B195E /* Project object */;
			proxyType = 1;
			remoteGlobalIDString = B0B4B0D921995F05005B195E;
			remoteInfo = WeatherDemo;
		};
		B0B4B0FA21995F08005B195E /* PBXContainerItemProxy */ = {
			isa = PBXContainerItemProxy;
			containerPortal = B0B4B0D221995F05005B195E /* Project object */;
			proxyType = 1;
			remoteGlobalIDString = B0B4B0D921995F05005B195E;
			remoteInfo = WeatherDemo;
		};
/* End PBXContainerItemProxy section */

/* Begin PBXFileReference section */
		4824E6102D37C864B963D361 /* Pods-WeatherDemo.debug.xcconfig */ = {isa = PBXFileReference; includeInIndex = 1; lastKnownFileType = text.xcconfig; name = "Pods-WeatherDemo.debug.xcconfig"; path = "Pods/Target Support Files/Pods-WeatherDemo/Pods-WeatherDemo.debug.xcconfig"; sourceTree = "<group>"; };
		7AC1F262BDC6E26BA852909D /* Pods-WeatherDemo.release.xcconfig */ = {isa = PBXFileReference; includeInIndex = 1; lastKnownFileType = text.xcconfig; name = "Pods-WeatherDemo.release.xcconfig"; path = "Pods/Target Support Files/Pods-WeatherDemo/Pods-WeatherDemo.release.xcconfig"; sourceTree = "<group>"; };
		B0B4B0DA21995F05005B195E /* WeatherDemo.app */ = {isa = PBXFileReference; explicitFileType = wrapper.application; includeInIndex = 0; path = WeatherDemo.app; sourceTree = BUILT_PRODUCTS_DIR; };
		B0B4B0DD21995F05005B195E /* AppDelegate.swift */ = {isa = PBXFileReference; lastKnownFileType = sourcecode.swift; path = AppDelegate.swift; sourceTree = "<group>"; };
		B0B4B0E421995F07005B195E /* Assets.xcassets */ = {isa = PBXFileReference; lastKnownFileType = folder.assetcatalog; path = Assets.xcassets; sourceTree = "<group>"; };
		B0B4B0E721995F07005B195E /* Base */ = {isa = PBXFileReference; lastKnownFileType = file.storyboard; name = Base; path = Base.lproj/LaunchScreen.storyboard; sourceTree = "<group>"; };
		B0B4B0E921995F07005B195E /* Info.plist */ = {isa = PBXFileReference; lastKnownFileType = text.plist.xml; path = Info.plist; sourceTree = "<group>"; };
		B0B4B0EE21995F08005B195E /* WeatherDemoTests.xctest */ = {isa = PBXFileReference; explicitFileType = wrapper.cfbundle; includeInIndex = 0; path = WeatherDemoTests.xctest; sourceTree = BUILT_PRODUCTS_DIR; };
		B0B4B0F921995F08005B195E /* WeatherDemoUITests.xctest */ = {isa = PBXFileReference; explicitFileType = wrapper.cfbundle; includeInIndex = 0; path = WeatherDemoUITests.xctest; sourceTree = BUILT_PRODUCTS_DIR; };
		B0B4B10E21995F84005B195E /* Home.storyboard */ = {isa = PBXFileReference; lastKnownFileType = file.storyboard; path = Home.storyboard; sourceTree = "<group>"; };
		B0B4B11021995F9D005B195E /* EHHomeVC.swift */ = {isa = PBXFileReference; lastKnownFileType = sourcecode.swift; path = EHHomeVC.swift; sourceTree = "<group>"; };
		B0B4B11521997823005B195E /* WeatherResponse.swift */ = {isa = PBXFileReference; lastKnownFileType = sourcecode.swift; path = WeatherResponse.swift; sourceTree = "<group>"; };
		B0B4B1172199839C005B195E /* WeatherModel.swift */ = {isa = PBXFileReference; lastKnownFileType = sourcecode.swift; path = WeatherModel.swift; sourceTree = "<group>"; };
		B0B4B11D219A710C005B195E /* TestHandyJSON.swift */ = {isa = PBXFileReference; lastKnownFileType = sourcecode.swift; path = TestHandyJSON.swift; sourceTree = "<group>"; };
		B0B4B11F219A71A7005B195E /* TestAlamofire.swift */ = {isa = PBXFileReference; lastKnownFileType = sourcecode.swift; path = TestAlamofire.swift; sourceTree = "<group>"; };
		B0B4B124219AAAA1005B195E /* EHNetworkManager.swift */ = {isa = PBXFileReference; lastKnownFileType = sourcecode.swift; path = EHNetworkManager.swift; sourceTree = "<group>"; };
		B0B4B128219AAB6D005B195E /* UIColor+EHHex.swift */ = {isa = PBXFileReference; lastKnownFileType = sourcecode.swift; path = "UIColor+EHHex.swift"; sourceTree = "<group>"; };
		B0B4B12A219AABF7005B195E /* WeatherDemoHeader.swift */ = {isa = PBXFileReference; lastKnownFileType = sourcecode.swift; path = WeatherDemoHeader.swift; sourceTree = "<group>"; };
		B0B4B12E219AAEEC005B195E /* String+Extension.swift */ = {isa = PBXFileReference; lastKnownFileType = sourcecode.swift; path = "String+Extension.swift"; sourceTree = "<group>"; };
		B0D989D7219D45F700D20104 /* AdobeClean-Light.otf */ = {isa = PBXFileReference; lastKnownFileType = file; path = "AdobeClean-Light.otf"; sourceTree = "<group>"; };
		B0F44E35219C15EB0087C377 /* EHWeatherListCell.swift */ = {isa = PBXFileReference; lastKnownFileType = sourcecode.swift; path = EHWeatherListCell.swift; sourceTree = "<group>"; };
		C4801342E161622CEA00BE12 /* libPods-WeatherDemo.a */ = {isa = PBXFileReference; explicitFileType = archive.ar; includeInIndex = 0; path = "libPods-WeatherDemo.a"; sourceTree = BUILT_PRODUCTS_DIR; };
/* End PBXFileReference section */

/* Begin PBXFrameworksBuildPhase section */
		B0B4B0D721995F05005B195E /* Frameworks */ = {
			isa = PBXFrameworksBuildPhase;
			buildActionMask = 2147483647;
			files = (
				4FB5D6F69E42764F512B6016 /* libPods-WeatherDemo.a in Frameworks */,
			);
			runOnlyForDeploymentPostprocessing = 0;
		};
		B0B4B0EB21995F08005B195E /* Frameworks */ = {
			isa = PBXFrameworksBuildPhase;
			buildActionMask = 2147483647;
			files = (
			);
			runOnlyForDeploymentPostprocessing = 0;
		};
		B0B4B0F621995F08005B195E /* Frameworks */ = {
			isa = PBXFrameworksBuildPhase;
			buildActionMask = 2147483647;
			files = (
			);
			runOnlyForDeploymentPostprocessing = 0;
		};
/* End PBXFrameworksBuildPhase section */

/* Begin PBXGroup section */
		5C089398A6028117CDF1F7BE /* Pods */ = {
			isa = PBXGroup;
			children = (
				4824E6102D37C864B963D361 /* Pods-WeatherDemo.debug.xcconfig */,
				7AC1F262BDC6E26BA852909D /* Pods-WeatherDemo.release.xcconfig */,
			);
			name = Pods;
			sourceTree = "<group>";
		};
		B0B4B0D121995F05005B195E = {
			isa = PBXGroup;
			children = (
				B0B4B0DC21995F05005B195E /* WeatherDemo */,
				B0B4B0DB21995F05005B195E /* Products */,
				5C089398A6028117CDF1F7BE /* Pods */,
				C5C58DB831C6EFDE47F9162A /* Frameworks */,
			);
			sourceTree = "<group>";
		};
		B0B4B0DB21995F05005B195E /* Products */ = {
			isa = PBXGroup;
			children = (
				B0B4B0DA21995F05005B195E /* WeatherDemo.app */,
				B0B4B0EE21995F08005B195E /* WeatherDemoTests.xctest */,
				B0B4B0F921995F08005B195E /* WeatherDemoUITests.xctest */,
			);
			name = Products;
			sourceTree = "<group>";
		};
		B0B4B0DC21995F05005B195E /* WeatherDemo */ = {
			isa = PBXGroup;
			children = (
				B0B4B11221997470005B195E /* TestCode */,
				B0B4B10B21995F5A005B195E /* Base */,
				B0B4B10C21995F5D005B195E /* Default */,
				B0B4B10D21995F78005B195E /* Home */,
			);
			path = WeatherDemo;
			sourceTree = "<group>";
		};
		B0B4B10B21995F5A005B195E /* Base */ = {
			isa = PBXGroup;
			children = (
				B0B4B121219AAA60005B195E /* Tool */,
				B0B4B0DD21995F05005B195E /* AppDelegate.swift */,
				B0B4B12A219AABF7005B195E /* WeatherDemoHeader.swift */,
			);
			path = Base;
			sourceTree = "<group>";
		};
		B0B4B10C21995F5D005B195E /* Default */ = {
			isa = PBXGroup;
			children = (
				B0B4B0E421995F07005B195E /* Assets.xcassets */,
				B0D989D7219D45F700D20104 /* AdobeClean-Light.otf */,
				B0B4B0E921995F07005B195E /* Info.plist */,
				B0B4B0E621995F07005B195E /* LaunchScreen.storyboard */,
			);
			name = Default;
			sourceTree = "<group>";
		};
		B0B4B10D21995F78005B195E /* Home */ = {
			isa = PBXGroup;
			children = (
				B0F44E34219C15C30087C377 /* Controller */,
				B0F44E33219C15BE0087C377 /* View */,
				B0F44E32219C15B90087C377 /* Model */,
				B0B4B10E21995F84005B195E /* Home.storyboard */,
			);
			path = Home;
			sourceTree = "<group>";
		};
		B0B4B11221997470005B195E /* TestCode */ = {
			isa = PBXGroup;
			children = (
				B0B4B11521997823005B195E /* WeatherResponse.swift */,
				B0B4B11F219A71A7005B195E /* TestAlamofire.swift */,
				B0B4B11D219A710C005B195E /* TestHandyJSON.swift */,
			);
			path = TestCode;
			sourceTree = "<group>";
		};
		B0B4B121219AAA60005B195E /* Tool */ = {
			isa = PBXGroup;
			children = (
				B0B4B124219AAAA1005B195E /* EHNetworkManager.swift */,
				B0B4B128219AAB6D005B195E /* UIColor+EHHex.swift */,
				B0B4B12E219AAEEC005B195E /* String+Extension.swift */,
			);
			path = Tool;
			sourceTree = "<group>";
		};
		B0F44E32219C15B90087C377 /* Model */ = {
			isa = PBXGroup;
			children = (
				B0B4B1172199839C005B195E /* WeatherModel.swift */,
			);
			path = Model;
			sourceTree = "<group>";
		};
		B0F44E33219C15BE0087C377 /* View */ = {
			isa = PBXGroup;
			children = (
				B0F44E35219C15EB0087C377 /* EHWeatherListCell.swift */,
			);
			path = View;
			sourceTree = "<group>";
		};
		B0F44E34219C15C30087C377 /* Controller */ = {
			isa = PBXGroup;
			children = (
				B0B4B11021995F9D005B195E /* EHHomeVC.swift */,
			);
			path = Controller;
			sourceTree = "<group>";
		};
		C5C58DB831C6EFDE47F9162A /* Frameworks */ = {
			isa = PBXGroup;
			children = (
				C4801342E161622CEA00BE12 /* libPods-WeatherDemo.a */,
			);
			name = Frameworks;
			sourceTree = "<group>";
		};
/* End PBXGroup section */

/* Begin PBXNativeTarget section */
		B0B4B0D921995F05005B195E /* WeatherDemo */ = {
			isa = PBXNativeTarget;
			buildConfigurationList = B0B4B10221995F08005B195E /* Build configuration list for PBXNativeTarget "WeatherDemo" */;
			buildPhases = (
				3D934927952DB8A3CDC0FE69 /* [CP] Check Pods Manifest.lock */,
				B0B4B0D621995F05005B195E /* Sources */,
				B0B4B0D721995F05005B195E /* Frameworks */,
				B0B4B0D821995F05005B195E /* Resources */,
			);
			buildRules = (
			);
			dependencies = (
			);
			name = WeatherDemo;
			productName = WeatherDemo;
			productReference = B0B4B0DA21995F05005B195E /* WeatherDemo.app */;
			productType = "com.apple.product-type.application";
		};
		B0B4B0ED21995F08005B195E /* WeatherDemoTests */ = {
			isa = PBXNativeTarget;
			buildConfigurationList = B0B4B10521995F08005B195E /* Build configuration list for PBXNativeTarget "WeatherDemoTests" */;
			buildPhases = (
				B0B4B0EA21995F08005B195E /* Sources */,
				B0B4B0EB21995F08005B195E /* Frameworks */,
				B0B4B0EC21995F08005B195E /* Resources */,
			);
			buildRules = (
			);
			dependencies = (
				B0B4B0F021995F08005B195E /* PBXTargetDependency */,
			);
			name = WeatherDemoTests;
			productName = WeatherDemoTests;
			productReference = B0B4B0EE21995F08005B195E /* WeatherDemoTests.xctest */;
			productType = "com.apple.product-type.bundle.unit-test";
		};
		B0B4B0F821995F08005B195E /* WeatherDemoUITests */ = {
			isa = PBXNativeTarget;
			buildConfigurationList = B0B4B10821995F08005B195E /* Build configuration list for PBXNativeTarget "WeatherDemoUITests" */;
			buildPhases = (
				B0B4B0F521995F08005B195E /* Sources */,
				B0B4B0F621995F08005B195E /* Frameworks */,
				B0B4B0F721995F08005B195E /* Resources */,
			);
			buildRules = (
			);
			dependencies = (
				B0B4B0FB21995F08005B195E /* PBXTargetDependency */,
			);
			name = WeatherDemoUITests;
			productName = WeatherDemoUITests;
			productReference = B0B4B0F921995F08005B195E /* WeatherDemoUITests.xctest */;
			productType = "com.apple.product-type.bundle.ui-testing";
		};
/* End PBXNativeTarget section */

/* Begin PBXProject section */
		B0B4B0D221995F05005B195E /* Project object */ = {
			isa = PBXProject;
			attributes = {
				LastSwiftUpdateCheck = 1010;
				LastUpgradeCheck = 1010;
				ORGANIZATIONNAME = "KMF-Engineering";
				TargetAttributes = {
					B0B4B0D921995F05005B195E = {
						CreatedOnToolsVersion = 10.1;
					};
					B0B4B0ED21995F08005B195E = {
						CreatedOnToolsVersion = 10.1;
						TestTargetID = B0B4B0D921995F05005B195E;
					};
					B0B4B0F821995F08005B195E = {
						CreatedOnToolsVersion = 10.1;
						TestTargetID = B0B4B0D921995F05005B195E;
					};
				};
			};
			buildConfigurationList = B0B4B0D521995F05005B195E /* Build configuration list for PBXProject "WeatherDemo" */;
			compatibilityVersion = "Xcode 9.3";
			developmentRegion = en;
			hasScannedForEncodings = 0;
			knownRegions = (
				en,
				Base,
			);
			mainGroup = B0B4B0D121995F05005B195E;
			productRefGroup = B0B4B0DB21995F05005B195E /* Products */;
			projectDirPath = "";
			projectRoot = "";
			targets = (
				B0B4B0D921995F05005B195E /* WeatherDemo */,
				B0B4B0ED21995F08005B195E /* WeatherDemoTests */,
				B0B4B0F821995F08005B195E /* WeatherDemoUITests */,
			);
		};
/* End PBXProject section */

/* Begin PBXResourcesBuildPhase section */
		B0B4B0D821995F05005B195E /* Resources */ = {
			isa = PBXResourcesBuildPhase;
			buildActionMask = 2147483647;
			files = (
				B0B4B0E821995F07005B195E /* LaunchScreen.storyboard in Resources */,
				B0B4B0E521995F07005B195E /* Assets.xcassets in Resources */,
				B0D989D8219D45F700D20104 /* AdobeClean-Light.otf in Resources */,
				B0B4B10F21995F84005B195E /* Home.storyboard in Resources */,
			);
			runOnlyForDeploymentPostprocessing = 0;
		};
		B0B4B0EC21995F08005B195E /* Resources */ = {
			isa = PBXResourcesBuildPhase;
			buildActionMask = 2147483647;
			files = (
			);
			runOnlyForDeploymentPostprocessing = 0;
		};
		B0B4B0F721995F08005B195E /* Resources */ = {
			isa = PBXResourcesBuildPhase;
			buildActionMask = 2147483647;
			files = (
			);
			runOnlyForDeploymentPostprocessing = 0;
		};
/* End PBXResourcesBuildPhase section */

/* Begin PBXShellScriptBuildPhase section */
		3D934927952DB8A3CDC0FE69 /* [CP] Check Pods Manifest.lock */ = {
			isa = PBXShellScriptBuildPhase;
			buildActionMask = 2147483647;
			files = (
			);
			inputPaths = (
				"${PODS_PODFILE_DIR_PATH}/Podfile.lock",
				"${PODS_ROOT}/Manifest.lock",
			);
			name = "[CP] Check Pods Manifest.lock";
			outputPaths = (
				"$(DERIVED_FILE_DIR)/Pods-WeatherDemo-checkManifestLockResult.txt",
			);
			runOnlyForDeploymentPostprocessing = 0;
			shellPath = /bin/sh;
			shellScript = "diff \"${PODS_PODFILE_DIR_PATH}/Podfile.lock\" \"${PODS_ROOT}/Manifest.lock\" > /dev/null\nif [ $? != 0 ] ; then\n    # print error to STDERR\n    echo \"error: The sandbox is not in sync with the Podfile.lock. Run 'pod install' or update your CocoaPods installation.\" >&2\n    exit 1\nfi\n# This output is used by Xcode 'outputs' to avoid re-running this script phase.\necho \"SUCCESS\" > \"${SCRIPT_OUTPUT_FILE_0}\"\n";
			showEnvVarsInLog = 0;
		};
/* End PBXShellScriptBuildPhase section */

/* Begin PBXSourcesBuildPhase section */
		B0B4B0D621995F05005B195E /* Sources */ = {
			isa = PBXSourcesBuildPhase;
			buildActionMask = 2147483647;
			files = (
				B0B4B11E219A710C005B195E /* TestHandyJSON.swift in Sources */,
				B0B4B120219A71A7005B195E /* TestAlamofire.swift in Sources */,
				B0B4B125219AAAA1005B195E /* EHNetworkManager.swift in Sources */,
				B0B4B12B219AABF7005B195E /* WeatherDemoHeader.swift in Sources */,
				B0B4B0DE21995F05005B195E /* AppDelegate.swift in Sources */,
				B0B4B11121995F9D005B195E /* EHHomeVC.swift in Sources */,
				B0B4B129219AAB6D005B195E /* UIColor+EHHex.swift in Sources */,
				B0B4B11621997823005B195E /* WeatherResponse.swift in Sources */,
				B0B4B12F219AAEEC005B195E /* String+Extension.swift in Sources */,
				B0F44E36219C15EB0087C377 /* EHWeatherListCell.swift in Sources */,
				B0B4B1182199839C005B195E /* WeatherModel.swift in Sources */,
			);
			runOnlyForDeploymentPostprocessing = 0;
		};
		B0B4B0EA21995F08005B195E /* Sources */ = {
			isa = PBXSourcesBuildPhase;
			buildActionMask = 2147483647;
			files = (
			);
			runOnlyForDeploymentPostprocessing = 0;
		};
		B0B4B0F521995F08005B195E /* Sources */ = {
			isa = PBXSourcesBuildPhase;
			buildActionMask = 2147483647;
			files = (
			);
			runOnlyForDeploymentPostprocessing = 0;
		};
/* End PBXSourcesBuildPhase section */

/* Begin PBXTargetDependency section */
		B0B4B0F021995F08005B195E /* PBXTargetDependency */ = {
			isa = PBXTargetDependency;
			target = B0B4B0D921995F05005B195E /* WeatherDemo */;
			targetProxy = B0B4B0EF21995F08005B195E /* PBXContainerItemProxy */;
		};
		B0B4B0FB21995F08005B195E /* PBXTargetDependency */ = {
			isa = PBXTargetDependency;
			target = B0B4B0D921995F05005B195E /* WeatherDemo */;
			targetProxy = B0B4B0FA21995F08005B195E /* PBXContainerItemProxy */;
		};
/* End PBXTargetDependency section */

/* Begin PBXVariantGroup section */
		B0B4B0E621995F07005B195E /* LaunchScreen.storyboard */ = {
			isa = PBXVariantGroup;
			children = (
				B0B4B0E721995F07005B195E /* Base */,
			);
			name = LaunchScreen.storyboard;
			sourceTree = "<group>";
		};
/* End PBXVariantGroup section */

/* Begin XCBuildConfiguration section */
		B0B4B10021995F08005B195E /* Debug */ = {
			isa = XCBuildConfiguration;
			buildSettings = {
				ALWAYS_SEARCH_USER_PATHS = NO;
				CLANG_ANALYZER_NONNULL = YES;
				CLANG_ANALYZER_NUMBER_OBJECT_CONVERSION = YES_AGGRESSIVE;
				CLANG_CXX_LANGUAGE_STANDARD = "gnu++14";
				CLANG_CXX_LIBRARY = "libc++";
				CLANG_ENABLE_MODULES = YES;
				CLANG_ENABLE_OBJC_ARC = YES;
				CLANG_ENABLE_OBJC_WEAK = YES;
				CLANG_WARN_BLOCK_CAPTURE_AUTORELEASING = YES;
				CLANG_WARN_BOOL_CONVERSION = YES;
				CLANG_WARN_COMMA = YES;
				CLANG_WARN_CONSTANT_CONVERSION = YES;
				CLANG_WARN_DEPRECATED_OBJC_IMPLEMENTATIONS = YES;
				CLANG_WARN_DIRECT_OBJC_ISA_USAGE = YES_ERROR;
				CLANG_WARN_DOCUMENTATION_COMMENTS = YES;
				CLANG_WARN_EMPTY_BODY = YES;
				CLANG_WARN_ENUM_CONVERSION = YES;
				CLANG_WARN_INFINITE_RECURSION = YES;
				CLANG_WARN_INT_CONVERSION = YES;
				CLANG_WARN_NON_LITERAL_NULL_CONVERSION = YES;
				CLANG_WARN_OBJC_IMPLICIT_RETAIN_SELF = YES;
				CLANG_WARN_OBJC_LITERAL_CONVERSION = YES;
				CLANG_WARN_OBJC_ROOT_CLASS = YES_ERROR;
				CLANG_WARN_RANGE_LOOP_ANALYSIS = YES;
				CLANG_WARN_STRICT_PROTOTYPES = YES;
				CLANG_WARN_SUSPICIOUS_MOVE = YES;
				CLANG_WARN_UNGUARDED_AVAILABILITY = YES_AGGRESSIVE;
				CLANG_WARN_UNREACHABLE_CODE = YES;
				CLANG_WARN__DUPLICATE_METHOD_MATCH = YES;
				CODE_SIGN_IDENTITY = "iPhone Developer";
				COPY_PHASE_STRIP = NO;
				DEBUG_INFORMATION_FORMAT = dwarf;
				ENABLE_STRICT_OBJC_MSGSEND = YES;
				ENABLE_TESTABILITY = YES;
				GCC_C_LANGUAGE_STANDARD = gnu11;
				GCC_DYNAMIC_NO_PIC = NO;
				GCC_NO_COMMON_BLOCKS = YES;
				GCC_OPTIMIZATION_LEVEL = 0;
				GCC_PREPROCESSOR_DEFINITIONS = (
					"DEBUG=1",
					"$(inherited)",
				);
				GCC_WARN_64_TO_32_BIT_CONVERSION = YES;
				GCC_WARN_ABOUT_RETURN_TYPE = YES_ERROR;
				GCC_WARN_UNDECLARED_SELECTOR = YES;
				GCC_WARN_UNINITIALIZED_AUTOS = YES_AGGRESSIVE;
				GCC_WARN_UNUSED_FUNCTION = YES;
				GCC_WARN_UNUSED_VARIABLE = YES;
				IPHONEOS_DEPLOYMENT_TARGET = 12.1;
				MTL_ENABLE_DEBUG_INFO = INCLUDE_SOURCE;
				MTL_FAST_MATH = YES;
				ONLY_ACTIVE_ARCH = YES;
				SDKROOT = iphoneos;
				SWIFT_ACTIVE_COMPILATION_CONDITIONS = DEBUG;
				SWIFT_OPTIMIZATION_LEVEL = "-Onone";
			};
			name = Debug;
		};
		B0B4B10121995F08005B195E /* Release */ = {
			isa = XCBuildConfiguration;
			buildSettings = {
				ALWAYS_SEARCH_USER_PATHS = NO;
				CLANG_ANALYZER_NONNULL = YES;
				CLANG_ANALYZER_NUMBER_OBJECT_CONVERSION = YES_AGGRESSIVE;
				CLANG_CXX_LANGUAGE_STANDARD = "gnu++14";
				CLANG_CXX_LIBRARY = "libc++";
				CLANG_ENABLE_MODULES = YES;
				CLANG_ENABLE_OBJC_ARC = YES;
				CLANG_ENABLE_OBJC_WEAK = YES;
				CLANG_WARN_BLOCK_CAPTURE_AUTORELEASING = YES;
				CLANG_WARN_BOOL_CONVERSION = YES;
				CLANG_WARN_COMMA = YES;
				CLANG_WARN_CONSTANT_CONVERSION = YES;
				CLANG_WARN_DEPRECATED_OBJC_IMPLEMENTATIONS = YES;
				CLANG_WARN_DIRECT_OBJC_ISA_USAGE = YES_ERROR;
				CLANG_WARN_DOCUMENTATION_COMMENTS = YES;
				CLANG_WARN_EMPTY_BODY = YES;
				CLANG_WARN_ENUM_CONVERSION = YES;
				CLANG_WARN_INFINITE_RECURSION = YES;
				CLANG_WARN_INT_CONVERSION = YES;
				CLANG_WARN_NON_LITERAL_NULL_CONVERSION = YES;
				CLANG_WARN_OBJC_IMPLICIT_RETAIN_SELF = YES;
				CLANG_WARN_OBJC_LITERAL_CONVERSION = YES;
				CLANG_WARN_OBJC_ROOT_CLASS = YES_ERROR;
				CLANG_WARN_RANGE_LOOP_ANALYSIS = YES;
				CLANG_WARN_STRICT_PROTOTYPES = YES;
				CLANG_WARN_SUSPICIOUS_MOVE = YES;
				CLANG_WARN_UNGUARDED_AVAILABILITY = YES_AGGRESSIVE;
				CLANG_WARN_UNREACHABLE_CODE = YES;
				CLANG_WARN__DUPLICATE_METHOD_MATCH = YES;
				CODE_SIGN_IDENTITY = "iPhone Developer";
				COPY_PHASE_STRIP = NO;
				DEBUG_INFORMATION_FORMAT = "dwarf-with-dsym";
				ENABLE_NS_ASSERTIONS = NO;
				ENABLE_STRICT_OBJC_MSGSEND = YES;
				GCC_C_LANGUAGE_STANDARD = gnu11;
				GCC_NO_COMMON_BLOCKS = YES;
				GCC_WARN_64_TO_32_BIT_CONVERSION = YES;
				GCC_WARN_ABOUT_RETURN_TYPE = YES_ERROR;
				GCC_WARN_UNDECLARED_SELECTOR = YES;
				GCC_WARN_UNINITIALIZED_AUTOS = YES_AGGRESSIVE;
				GCC_WARN_UNUSED_FUNCTION = YES;
				GCC_WARN_UNUSED_VARIABLE = YES;
				IPHONEOS_DEPLOYMENT_TARGET = 12.1;
				MTL_ENABLE_DEBUG_INFO = NO;
				MTL_FAST_MATH = YES;
				SDKROOT = iphoneos;
				SWIFT_COMPILATION_MODE = wholemodule;
				SWIFT_OPTIMIZATION_LEVEL = "-O";
				VALIDATE_PRODUCT = YES;
			};
			name = Release;
		};
		B0B4B10321995F08005B195E /* Debug */ = {
			isa = XCBuildConfiguration;
			baseConfigurationReference = 4824E6102D37C864B963D361 /* Pods-WeatherDemo.debug.xcconfig */;
			buildSettings = {
				ASSETCATALOG_COMPILER_APPICON_NAME = AppIcon;
				CODE_SIGN_STYLE = Automatic;
				DEVELOPMENT_TEAM = ZT38DY35DB;
				INFOPLIST_FILE = WeatherDemo/Info.plist;
				IPHONEOS_DEPLOYMENT_TARGET = 10.0;
				LD_RUNPATH_SEARCH_PATHS = (
					"$(inherited)",
					"@executable_path/Frameworks",
				);
				PRODUCT_BUNDLE_IDENTIFIER = com.enhance.WeatherDemo;
				PRODUCT_NAME = "$(TARGET_NAME)";
				SWIFT_VERSION = 4.2;
				TARGETED_DEVICE_FAMILY = "1,2";
				USER_HEADER_SEARCH_PATHS = "\"$(SRCROOT)/Pods/Pods.xcodeproj\"";
			};
			name = Debug;
		};
		B0B4B10421995F08005B195E /* Release */ = {
			isa = XCBuildConfiguration;
			baseConfigurationReference = 7AC1F262BDC6E26BA852909D /* Pods-WeatherDemo.release.xcconfig */;
			buildSettings = {
				ASSETCATALOG_COMPILER_APPICON_NAME = AppIcon;
				CODE_SIGN_STYLE = Automatic;
				DEVELOPMENT_TEAM = ZT38DY35DB;
				INFOPLIST_FILE = WeatherDemo/Info.plist;
				IPHONEOS_DEPLOYMENT_TARGET = 10.0;
				LD_RUNPATH_SEARCH_PATHS = (
					"$(inherited)",
					"@executable_path/Frameworks",
				);
				PRODUCT_BUNDLE_IDENTIFIER = com.enhance.WeatherDemo;
				PRODUCT_NAME = "$(TARGET_NAME)";
				SWIFT_VERSION = 4.2;
				TARGETED_DEVICE_FAMILY = "1,2";
				USER_HEADER_SEARCH_PATHS = "\"$(SRCROOT)/Pods/Pods.xcodeproj\"";
			};
			name = Release;
		};
		B0B4B10621995F08005B195E /* Debug */ = {
			isa = XCBuildConfiguration;
			buildSettings = {
				ALWAYS_EMBED_SWIFT_STANDARD_LIBRARIES = YES;
				BUNDLE_LOADER = "$(TEST_HOST)";
				CODE_SIGN_STYLE = Automatic;
				DEVELOPMENT_TEAM = ZT38DY35DB;
				INFOPLIST_FILE = WeatherDemoTests/Info.plist;
				LD_RUNPATH_SEARCH_PATHS = (
					"$(inherited)",
					"@executable_path/Frameworks",
					"@loader_path/Frameworks",
				);
				PRODUCT_BUNDLE_IDENTIFIER = com.enhance.WeatherDemoTests;
				PRODUCT_NAME = "$(TARGET_NAME)";
				SWIFT_VERSION = 4.2;
				TARGETED_DEVICE_FAMILY = "1,2";
				TEST_HOST = "$(BUILT_PRODUCTS_DIR)/WeatherDemo.app/WeatherDemo";
			};
			name = Debug;
		};
		B0B4B10721995F08005B195E /* Release */ = {
			isa = XCBuildConfiguration;
			buildSettings = {
				ALWAYS_EMBED_SWIFT_STANDARD_LIBRARIES = YES;
				BUNDLE_LOADER = "$(TEST_HOST)";
				CODE_SIGN_STYLE = Automatic;
				DEVELOPMENT_TEAM = ZT38DY35DB;
				INFOPLIST_FILE = WeatherDemoTests/Info.plist;
				LD_RUNPATH_SEARCH_PATHS = (
					"$(inherited)",
					"@executable_path/Frameworks",
					"@loader_path/Frameworks",
				);
				PRODUCT_BUNDLE_IDENTIFIER = com.enhance.WeatherDemoTests;
				PRODUCT_NAME = "$(TARGET_NAME)";
				SWIFT_VERSION = 4.2;
				TARGETED_DEVICE_FAMILY = "1,2";
				TEST_HOST = "$(BUILT_PRODUCTS_DIR)/WeatherDemo.app/WeatherDemo";
			};
			name = Release;
		};
		B0B4B10921995F08005B195E /* Debug */ = {
			isa = XCBuildConfiguration;
			buildSettings = {
				ALWAYS_EMBED_SWIFT_STANDARD_LIBRARIES = YES;
				CODE_SIGN_STYLE = Automatic;
				DEVELOPMENT_TEAM = ZT38DY35DB;
				INFOPLIST_FILE = WeatherDemoUITests/Info.plist;
				LD_RUNPATH_SEARCH_PATHS = (
					"$(inherited)",
					"@executable_path/Frameworks",
					"@loader_path/Frameworks",
				);
				PRODUCT_BUNDLE_IDENTIFIER = com.enhance.WeatherDemoUITests;
				PRODUCT_NAME = "$(TARGET_NAME)";
				SWIFT_VERSION = 4.2;
				TARGETED_DEVICE_FAMILY = "1,2";
				TEST_TARGET_NAME = WeatherDemo;
			};
			name = Debug;
		};
		B0B4B10A21995F08005B195E /* Release */ = {
			isa = XCBuildConfiguration;
			buildSettings = {
				ALWAYS_EMBED_SWIFT_STANDARD_LIBRARIES = YES;
				CODE_SIGN_STYLE = Automatic;
				DEVELOPMENT_TEAM = ZT38DY35DB;
				INFOPLIST_FILE = WeatherDemoUITests/Info.plist;
				LD_RUNPATH_SEARCH_PATHS = (
					"$(inherited)",
					"@executable_path/Frameworks",
					"@loader_path/Frameworks",
				);
				PRODUCT_BUNDLE_IDENTIFIER = com.enhance.WeatherDemoUITests;
				PRODUCT_NAME = "$(TARGET_NAME)";
				SWIFT_VERSION = 4.2;
				TARGETED_DEVICE_FAMILY = "1,2";
				TEST_TARGET_NAME = WeatherDemo;
			};
			name = Release;
		};
/* End XCBuildConfiguration section */

/* Begin XCConfigurationList section */
		B0B4B0D521995F05005B195E /* Build configuration list for PBXProject "WeatherDemo" */ = {
			isa = XCConfigurationList;
			buildConfigurations = (
				B0B4B10021995F08005B195E /* Debug */,
				B0B4B10121995F08005B195E /* Release */,
			);
			defaultConfigurationIsVisible = 0;
			defaultConfigurationName = Release;
		};
		B0B4B10221995F08005B195E /* Build configuration list for PBXNativeTarget "WeatherDemo" */ = {
			isa = XCConfigurationList;
			buildConfigurations = (
				B0B4B10321995F08005B195E /* Debug */,
				B0B4B10421995F08005B195E /* Release */,
			);
			defaultConfigurationIsVisible = 0;
			defaultConfigurationName = Release;
		};
		B0B4B10521995F08005B195E /* Build configuration list for PBXNativeTarget "WeatherDemoTests" */ = {
			isa = XCConfigurationList;
			buildConfigurations = (
				B0B4B10621995F08005B195E /* Debug */,
				B0B4B10721995F08005B195E /* Release */,
			);
			defaultConfigurationIsVisible = 0;
			defaultConfigurationName = Release;
		};
		B0B4B10821995F08005B195E /* Build configuration list for PBXNativeTarget "WeatherDemoUITests" */ = {
			isa = XCConfigurationList;
			buildConfigurations = (
				B0B4B10921995F08005B195E /* Debug */,
				B0B4B10A21995F08005B195E /* Release */,
			);
			defaultConfigurationIsVisible = 0;
			defaultConfigurationName = Release;
		};
/* End XCConfigurationList section */
	};
	rootObject = B0B4B0D221995F05005B195E /* Project object */;
}
